
Microsoft Visual Studio Solution File, Format Version 12.00
# Visual Studio Version 17
VisualStudioVersion = 17.0.31919.166
MinimumVisualStudioVersion = 10.0.40219.1
Project("{FAE04EC0-301F-11D3-BF4B-00C04F79EFBC}") = "Airport", "Airport.csproj", "{98EF5A8F-41E5-41A0-A20A-E882D85150B6}"
EndProject
Global
	GlobalSection(SolutionConfigurationPlatforms) = preSolution
		Debug|Any CPU = Debug|Any CPU
		Release|Any CPU = Release|Any CPU
	EndGlobalSection
	GlobalSection(ProjectConfigurationPlatforms) = postSolution
		{98EF5A8F-41E5-41A0-A20A-E882D85150B6}.Debug|Any CPU.ActiveCfg = Debug|Any CPU
		{98EF5A8F-41E5-41A0-A20A-E882D85150B6}.Debug|Any CPU.Build.0 = Debug|Any CPU
		{98EF5A8F-41E5-41A0-A20A-E882D85150B6}.Release|Any CPU.ActiveCfg = Release|Any CPU
		{98EF5A8F-41E5-41A0-A20A-E882D85150B6}.Release|Any CPU.Build.0 = Release|Any CPU
	EndGlobalSection
	GlobalSection(SolutionProperties) = preSolution
		HideSolutionNode = FALSE
	EndGlobalSection
	GlobalSection(ExtensibilityGlobals) = postSolution
		SolutionGuid = {60F9FEBF-23B8-4B47-9F48-B4A4071C2737}
	EndGlobalSection
EndGlobal
